
Microsoft Visual Studio Solution File, Format Version 12.00
# Visual Studio Version 17
VisualStudioVersion = 17.4.33122.133
MinimumVisualStudioVersion = 10.0.40219.1
Project("{9A19103F-16F7-4668-BE54-9A1E7A4F7556}") = "UsuariosAlmaNetCoreMVC", "UsuariosAlmaNetCoreMVC.csproj", "{1F5CD53C-DD6D-450C-956E-2D6F60BA674B}"
EndProject
Global
	GlobalSection(SolutionConfigurationPlatforms) = preSolution
		Debug|Any CPU = Debug|Any CPU
		Release|Any CPU = Release|Any CPU
	EndGlobalSection
	GlobalSection(ProjectConfigurationPlatforms) = postSolution
		{1F5CD53C-DD6D-450C-956E-2D6F60BA674B}.Debug|Any CPU.ActiveCfg = Debug|Any CPU
		{1F5CD53C-DD6D-450C-956E-2D6F60BA674B}.Debug|Any CPU.Build.0 = Debug|Any CPU
		{1F5CD53C-DD6D-450C-956E-2D6F60BA674B}.Release|Any CPU.ActiveCfg = Release|Any CPU
		{1F5CD53C-DD6D-450C-956E-2D6F60BA674B}.Release|Any CPU.Build.0 = Release|Any CPU
	EndGlobalSection
	GlobalSection(SolutionProperties) = preSolution
		HideSolutionNode = FALSE
	EndGlobalSection
	GlobalSection(ExtensibilityGlobals) = postSolution
		SolutionGuid = {DCEB140A-8EE3-436B-B93A-6E4F6CCAC9C5}
	EndGlobalSection
EndGlobal
